// !$*UTF8*$!
{
	archiveVersion = 1;
	classes = {
	};
	objectVersion = 48;
	objects = {

/* Begin PBXBuildFile section */
		CA9493241FEBBFCC000071B7 /* AppDelegate.swift in Sources */ = {isa = PBXBuildFile; fileRef = CA9493231FEBBFCC000071B7 /* AppDelegate.swift */; };
		CA9493261FEBBFCC000071B7 /* ViewController.swift in Sources */ = {isa = PBXBuildFile; fileRef = CA9493251FEBBFCC000071B7 /* ViewController.swift */; };
		CA9493291FEBBFCC000071B7 /* Main.storyboard in Resources */ = {isa = PBXBuildFile; fileRef = CA9493271FEBBFCC000071B7 /* Main.storyboard */; };
		CA94932C1FEBBFCC000071B7 /* Delegate.xcdatamodeld in Sources */ = {isa = PBXBuildFile; fileRef = CA94932A1FEBBFCC000071B7 /* Delegate.xcdatamodeld */; };
		CA94932E1FEBBFCC000071B7 /* Assets.xcassets in Resources */ = {isa = PBXBuildFile; fileRef = CA94932D1FEBBFCC000071B7 /* Assets.xcassets */; };
		CA9493311FEBBFCC000071B7 /* LaunchScreen.storyboard in Resources */ = {isa = PBXBuildFile; fileRef = CA94932F1FEBBFCC000071B7 /* LaunchScreen.storyboard */; };
		CA94933C1FEBBFCC000071B7 /* DelegateTests.swift in Sources */ = {isa = PBXBuildFile; fileRef = CA94933B1FEBBFCC000071B7 /* DelegateTests.swift */; };
		CA9493471FEBBFCC000071B7 /* DelegateUITests.swift in Sources */ = {isa = PBXBuildFile; fileRef = CA9493461FEBBFCC000071B7 /* DelegateUITests.swift */; };
/* End PBXBuildFile section */

/* Begin PBXContainerItemProxy section */
		CA9493381FEBBFCC000071B7 /* PBXContainerItemProxy */ = {
			isa = PBXContainerItemProxy;
			containerPortal = CA9493181FEBBFCC000071B7 /* Project object */;
			proxyType = 1;
			remoteGlobalIDString = CA94931F1FEBBFCC000071B7;
			remoteInfo = Delegate;
		};
		CA9493431FEBBFCC000071B7 /* PBXContainerItemProxy */ = {
			isa = PBXContainerItemProxy;
			containerPortal = CA9493181FEBBFCC000071B7 /* Project object */;
			proxyType = 1;
			remoteGlobalIDString = CA94931F1FEBBFCC000071B7;
			remoteInfo = Delegate;
		};
/* End PBXContainerItemProxy section */

/* Begin PBXFileReference section */
		CA9493201FEBBFCC000071B7 /* Delegate.app */ = {isa = PBXFileReference; explicitFileType = wrapper.application; includeInIndex = 0; path = Delegate.app; sourceTree = BUILT_PRODUCTS_DIR; };
		CA9493231FEBBFCC000071B7 /* AppDelegate.swift */ = {isa = PBXFileReference; lastKnownFileType = sourcecode.swift; path = AppDelegate.swift; sourceTree = "<group>"; };
		CA9493251FEBBFCC000071B7 /* ViewController.swift */ = {isa = PBXFileReference; lastKnownFileType = sourcecode.swift; path = ViewController.swift; sourceTree = "<group>"; };
		CA9493281FEBBFCC000071B7 /* Base */ = {isa = PBXFileReference; lastKnownFileType = file.storyboard; name = Base; path = Base.lproj/Main.storyboard; sourceTree = "<group>"; };
		CA94932B1FEBBFCC000071B7 /* Delegate.xcdatamodel */ = {isa = PBXFileReference; lastKnownFileType = wrapper.xcdatamodel; path = Delegate.xcdatamodel; sourceTree = "<group>"; };
		CA94932D1FEBBFCC000071B7 /* Assets.xcassets */ = {isa = PBXFileReference; lastKnownFileType = folder.assetcatalog; path = Assets.xcassets; sourceTree = "<group>"; };
		CA9493301FEBBFCC000071B7 /* Base */ = {isa = PBXFileReference; lastKnownFileType = file.storyboard; name = Base; path = Base.lproj/LaunchScreen.storyboard; sourceTree = "<group>"; };
		CA9493321FEBBFCC000071B7 /* Info.plist */ = {isa = PBXFileReference; lastKnownFileType = text.plist.xml; path = Info.plist; sourceTree = "<group>"; };
		CA9493371FEBBFCC000071B7 /* DelegateTests.xctest */ = {isa = PBXFileReference; explicitFileType = wrapper.cfbundle; includeInIndex = 0; path = DelegateTests.xctest; sourceTree = BUILT_PRODUCTS_DIR; };
		CA94933B1FEBBFCC000071B7 /* DelegateTests.swift */ = {isa = PBXFileReference; lastKnownFileType = sourcecode.swift; path = DelegateTests.swift; sourceTree = "<group>"; };
		CA94933D1FEBBFCC000071B7 /* Info.plist */ = {isa = PBXFileReference; lastKnownFileType = text.plist.xml; path = Info.plist; sourceTree = "<group>"; };
		CA9493421FEBBFCC000071B7 /* DelegateUITests.xctest */ = {isa = PBXFileReference; explicitFileType = wrapper.cfbundle; includeInIndex = 0; path = DelegateUITests.xctest; sourceTree = BUILT_PRODUCTS_DIR; };
		CA9493461FEBBFCC000071B7 /* DelegateUITests.swift */ = {isa = PBXFileReference; lastKnownFileType = sourcecode.swift; path = DelegateUITests.swift; sourceTree = "<group>"; };
		CA9493481FEBBFCC000071B7 /* Info.plist */ = {isa = PBXFileReference; lastKnownFileType = text.plist.xml; path = Info.plist; sourceTree = "<group>"; };
/* End PBXFileReference section */

/* Begin PBXFrameworksBuildPhase section */
		CA94931D1FEBBFCC000071B7 /* Frameworks */ = {
			isa = PBXFrameworksBuildPhase;
			buildActionMask = 2147483647;
			files = (
			);
			runOnlyForDeploymentPostprocessing = 0;
		};
		CA9493341FEBBFCC000071B7 /* Frameworks */ = {
			isa = PBXFrameworksBuildPhase;
			buildActionMask = 2147483647;
			files = (
			);
			runOnlyForDeploymentPostprocessing = 0;
		};
		CA94933F1FEBBFCC000071B7 /* Frameworks */ = {
			isa = PBXFrameworksBuildPhase;
			buildActionMask = 2147483647;
			files = (
			);
			runOnlyForDeploymentPostprocessing = 0;
		};
/* End PBXFrameworksBuildPhase section */

/* Begin PBXGroup section */
		CA9493171FEBBFCC000071B7 = {
			isa = PBXGroup;
			children = (
				CA9493221FEBBFCC000071B7 /* Delegate */,
				CA94933A1FEBBFCC000071B7 /* DelegateTests */,
				CA9493451FEBBFCC000071B7 /* DelegateUITests */,
				CA9493211FEBBFCC000071B7 /* Products */,
			);
			sourceTree = "<group>";
		};
		CA9493211FEBBFCC000071B7 /* Products */ = {
			isa = PBXGroup;
			children = (
				CA9493201FEBBFCC000071B7 /* Delegate.app */,
				CA9493371FEBBFCC000071B7 /* DelegateTests.xctest */,
				CA9493421FEBBFCC000071B7 /* DelegateUITests.xctest */,
			);
			name = Products;
			sourceTree = "<group>";
		};
		CA9493221FEBBFCC000071B7 /* Delegate */ = {
			isa = PBXGroup;
			children = (
				CA9493231FEBBFCC000071B7 /* AppDelegate.swift */,
				CA9493251FEBBFCC000071B7 /* ViewController.swift */,
				CA9493271FEBBFCC000071B7 /* Main.storyboard */,
				CA94932D1FEBBFCC000071B7 /* Assets.xcassets */,
				CA94932F1FEBBFCC000071B7 /* LaunchScreen.storyboard */,
				CA9493321FEBBFCC000071B7 /* Info.plist */,
				CA94932A1FEBBFCC000071B7 /* Delegate.xcdatamodeld */,
			);
			path = Delegate;
			sourceTree = "<group>";
		};
		CA94933A1FEBBFCC000071B7 /* DelegateTests */ = {
			isa = PBXGroup;
			children = (
				CA94933B1FEBBFCC000071B7 /* DelegateTests.swift */,
				CA94933D1FEBBFCC000071B7 /* Info.plist */,
			);
			path = DelegateTests;
			sourceTree = "<group>";
		};
		CA9493451FEBBFCC000071B7 /* DelegateUITests */ = {
			isa = PBXGroup;
			children = (
				CA9493461FEBBFCC000071B7 /* DelegateUITests.swift */,
				CA9493481FEBBFCC000071B7 /* Info.plist */,
			);
			path = DelegateUITests;
			sourceTree = "<group>";
		};
/* End PBXGroup section */

/* Begin PBXNativeTarget section */
		CA94931F1FEBBFCC000071B7 /* Delegate */ = {
			isa = PBXNativeTarget;
			buildConfigurationList = CA94934B1FEBBFCC000071B7 /* Build configuration list for PBXNativeTarget "Delegate" */;
			buildPhases = (
				CA94931C1FEBBFCC000071B7 /* Sources */,
				CA94931D1FEBBFCC000071B7 /* Frameworks */,
				CA94931E1FEBBFCC000071B7 /* Resources */,
			);
			buildRules = (
			);
			dependencies = (
			);
			name = Delegate;
			productName = Delegate;
			productReference = CA9493201FEBBFCC000071B7 /* Delegate.app */;
			productType = "com.apple.product-type.application";
		};
		CA9493361FEBBFCC000071B7 /* DelegateTests */ = {
			isa = PBXNativeTarget;
			buildConfigurationList = CA94934E1FEBBFCC000071B7 /* Build configuration list for PBXNativeTarget "DelegateTests" */;
			buildPhases = (
				CA9493331FEBBFCC000071B7 /* Sources */,
				CA9493341FEBBFCC000071B7 /* Frameworks */,
				CA9493351FEBBFCC000071B7 /* Resources */,
			);
			buildRules = (
			);
			dependencies = (
				CA9493391FEBBFCC000071B7 /* PBXTargetDependency */,
			);
			name = DelegateTests;
			productName = DelegateTests;
			productReference = CA9493371FEBBFCC000071B7 /* DelegateTests.xctest */;
			productType = "com.apple.product-type.bundle.unit-test";
		};
		CA9493411FEBBFCC000071B7 /* DelegateUITests */ = {
			isa = PBXNativeTarget;
			buildConfigurationList = CA9493511FEBBFCC000071B7 /* Build configuration list for PBXNativeTarget "DelegateUITests" */;
			buildPhases = (
				CA94933E1FEBBFCC000071B7 /* Sources */,
				CA94933F1FEBBFCC000071B7 /* Frameworks */,
				CA9493401FEBBFCC000071B7 /* Resources */,
			);
			buildRules = (
			);
			dependencies = (
				CA9493441FEBBFCC000071B7 /* PBXTargetDependency */,
			);
			name = DelegateUITests;
			productName = DelegateUITests;
			productReference = CA9493421FEBBFCC000071B7 /* DelegateUITests.xctest */;
			productType = "com.apple.product-type.bundle.ui-testing";
		};
/* End PBXNativeTarget section */

/* Begin PBXProject section */
		CA9493181FEBBFCC000071B7 /* Project object */ = {
			isa = PBXProject;
			attributes = {
				LastSwiftUpdateCheck = 0910;
				LastUpgradeCheck = 0910;
				ORGANIZATIONNAME = "Dinesh Sunder";
				TargetAttributes = {
					CA94931F1FEBBFCC000071B7 = {
						CreatedOnToolsVersion = 9.1;
						ProvisioningStyle = Automatic;
					};
					CA9493361FEBBFCC000071B7 = {
						CreatedOnToolsVersion = 9.1;
						ProvisioningStyle = Automatic;
						TestTargetID = CA94931F1FEBBFCC000071B7;
					};
					CA9493411FEBBFCC000071B7 = {
						CreatedOnToolsVersion = 9.1;
						ProvisioningStyle = Automatic;
						TestTargetID = CA94931F1FEBBFCC000071B7;
					};
				};
			};
			buildConfigurationList = CA94931B1FEBBFCC000071B7 /* Build configuration list for PBXProject "Delegate" */;
			compatibilityVersion = "Xcode 8.0";
			developmentRegion = en;
			hasScannedForEncodings = 0;
			knownRegions = (
				en,
				Base,
			);
			mainGroup = CA9493171FEBBFCC000071B7;
			productRefGroup = CA9493211FEBBFCC000071B7 /* Products */;
			projectDirPath = "";
			projectRoot = "";
			targets = (
				CA94931F1FEBBFCC000071B7 /* Delegate */,
				CA9493361FEBBFCC000071B7 /* DelegateTests */,
				CA9493411FEBBFCC000071B7 /* DelegateUITests */,
			);
		};
/* End PBXProject section */

/* Begin PBXResourcesBuildPhase section */
		CA94931E1FEBBFCC000071B7 /* Resources */ = {
			isa = PBXResourcesBuildPhase;
			buildActionMask = 2147483647;
			files = (
				CA9493311FEBBFCC000071B7 /* LaunchScreen.storyboard in Resources */,
				CA94932E1FEBBFCC000071B7 /* Assets.xcassets in Resources */,
				CA9493291FEBBFCC000071B7 /* Main.storyboard in Resources */,
			);
			runOnlyForDeploymentPostprocessing = 0;
		};
		CA9493351FEBBFCC000071B7 /* Resources */ = {
			isa = PBXResourcesBuildPhase;
			buildActionMask = 2147483647;
			files = (
			);
			runOnlyForDeploymentPostprocessing = 0;
		};
		CA9493401FEBBFCC000071B7 /* Resources */ = {
			isa = PBXResourcesBuildPhase;
			buildActionMask = 2147483647;
			files = (
			);
			runOnlyForDeploymentPostprocessing = 0;
		};
/* End PBXResourcesBuildPhase section */

/* Begin PBXSourcesBuildPhase section */
		CA94931C1FEBBFCC000071B7 /* Sources */ = {
			isa = PBXSourcesBuildPhase;
			buildActionMask = 2147483647;
			files = (
				CA9493261FEBBFCC000071B7 /* ViewController.swift in Sources */,
				CA9493241FEBBFCC000071B7 /* AppDelegate.swift in Sources */,
				CA94932C1FEBBFCC000071B7 /* Delegate.xcdatamodeld in Sources */,
			);
			runOnlyForDeploymentPostprocessing = 0;
		};
		CA9493331FEBBFCC000071B7 /* Sources */ = {
			isa = PBXSourcesBuildPhase;
			buildActionMask = 2147483647;
			files = (
				CA94933C1FEBBFCC000071B7 /* DelegateTests.swift in Sources */,
			);
			runOnlyForDeploymentPostprocessing = 0;
		};
		CA94933E1FEBBFCC000071B7 /* Sources */ = {
			isa = PBXSourcesBuildPhase;
			buildActionMask = 2147483647;
			files = (
				CA9493471FEBBFCC000071B7 /* DelegateUITests.swift in Sources */,
			);
			runOnlyForDeploymentPostprocessing = 0;
		};
/* End PBXSourcesBuildPhase section */

/* Begin PBXTargetDependency section */
		CA9493391FEBBFCC000071B7 /* PBXTargetDependency */ = {
			isa = PBXTargetDependency;
			target = CA94931F1FEBBFCC000071B7 /* Delegate */;
			targetProxy = CA9493381FEBBFCC000071B7 /* PBXContainerItemProxy */;
		};
		CA9493441FEBBFCC000071B7 /* PBXTargetDependency */ = {
			isa = PBXTargetDependency;
			target = CA94931F1FEBBFCC000071B7 /* Delegate */;
			targetProxy = CA9493431FEBBFCC000071B7 /* PBXContainerItemProxy */;
		};
/* End PBXTargetDependency section */

/* Begin PBXVariantGroup section */
		CA9493271FEBBFCC000071B7 /* Main.storyboard */ = {
			isa = PBXVariantGroup;
			children = (
				CA9493281FEBBFCC000071B7 /* Base */,
			);
			name = Main.storyboard;
			sourceTree = "<group>";
		};
		CA94932F1FEBBFCC000071B7 /* LaunchScreen.storyboard */ = {
			isa = PBXVariantGroup;
			children = (
				CA9493301FEBBFCC000071B7 /* Base */,
			);
			name = LaunchScreen.storyboard;
			sourceTree = "<group>";
		};
/* End PBXVariantGroup section */

/* Begin XCBuildConfiguration section */
		CA9493491FEBBFCC000071B7 /* Debug */ = {
			isa = XCBuildConfiguration;
			buildSettings = {
				ALWAYS_SEARCH_USER_PATHS = NO;
				CLANG_ANALYZER_NONNULL = YES;
				CLANG_ANALYZER_NUMBER_OBJECT_CONVERSION = YES_AGGRESSIVE;
				CLANG_CXX_LANGUAGE_STANDARD = "gnu++14";
				CLANG_CXX_LIBRARY = "libc++";
				CLANG_ENABLE_MODULES = YES;
				CLANG_ENABLE_OBJC_ARC = YES;
				CLANG_WARN_BLOCK_CAPTURE_AUTORELEASING = YES;
				CLANG_WARN_BOOL_CONVERSION = YES;
				CLANG_WARN_COMMA = YES;
				CLANG_WARN_CONSTANT_CONVERSION = YES;
				CLANG_WARN_DIRECT_OBJC_ISA_USAGE = YES_ERROR;
				CLANG_WARN_DOCUMENTATION_COMMENTS = YES;
				CLANG_WARN_EMPTY_BODY = YES;
				CLANG_WARN_ENUM_CONVERSION = YES;
				CLANG_WARN_INFINITE_RECURSION = YES;
				CLANG_WARN_INT_CONVERSION = YES;
				CLANG_WARN_NON_LITERAL_NULL_CONVERSION = YES;
				CLANG_WARN_OBJC_LITERAL_CONVERSION = YES;
				CLANG_WARN_OBJC_ROOT_CLASS = YES_ERROR;
				CLANG_WARN_RANGE_LOOP_ANALYSIS = YES;
				CLANG_WARN_STRICT_PROTOTYPES = YES;
				CLANG_WARN_SUSPICIOUS_MOVE = YES;
				CLANG_WARN_UNGUARDED_AVAILABILITY = YES_AGGRESSIVE;
				CLANG_WARN_UNREACHABLE_CODE = YES;
				CLANG_WARN__DUPLICATE_METHOD_MATCH = YES;
				CODE_SIGN_IDENTITY = "iPhone Developer";
				COPY_PHASE_STRIP = NO;
				DEBUG_INFORMATION_FORMAT = dwarf;
				ENABLE_STRICT_OBJC_MSGSEND = YES;
				ENABLE_TESTABILITY = YES;
				GCC_C_LANGUAGE_STANDARD = gnu11;
				GCC_DYNAMIC_NO_PIC = NO;
				GCC_NO_COMMON_BLOCKS = YES;
				GCC_OPTIMIZATION_LEVEL = 0;
				GCC_PREPROCESSOR_DEFINITIONS = (
					"DEBUG=1",
					"$(inherited)",
				);
				GCC_WARN_64_TO_32_BIT_CONVERSION = YES;
				GCC_WARN_ABOUT_RETURN_TYPE = YES_ERROR;
				GCC_WARN_UNDECLARED_SELECTOR = YES;
				GCC_WARN_UNINITIALIZED_AUTOS = YES_AGGRESSIVE;
				GCC_WARN_UNUSED_FUNCTION = YES;
				GCC_WARN_UNUSED_VARIABLE = YES;
				IPHONEOS_DEPLOYMENT_TARGET = 11.1;
				MTL_ENABLE_DEBUG_INFO = YES;
				ONLY_ACTIVE_ARCH = YES;
				SDKROOT = iphoneos;
				SWIFT_ACTIVE_COMPILATION_CONDITIONS = DEBUG;
				SWIFT_OPTIMIZATION_LEVEL = "-Onone";
			};
			name = Debug;
		};
		CA94934A1FEBBFCC000071B7 /* Release */ = {
			isa = XCBuildConfiguration;
			buildSettings = {
				ALWAYS_SEARCH_USER_PATHS = NO;
				CLANG_ANALYZER_NONNULL = YES;
				CLANG_ANALYZER_NUMBER_OBJECT_CONVERSION = YES_AGGRESSIVE;
				CLANG_CXX_LANGUAGE_STANDARD = "gnu++14";
				CLANG_CXX_LIBRARY = "libc++";
				CLANG_ENABLE_MODULES = YES;
				CLANG_ENABLE_OBJC_ARC = YES;
				CLANG_WARN_BLOCK_CAPTURE_AUTORELEASING = YES;
				CLANG_WARN_BOOL_CONVERSION = YES;
				CLANG_WARN_COMMA = YES;
				CLANG_WARN_CONSTANT_CONVERSION = YES;
				CLANG_WARN_DIRECT_OBJC_ISA_USAGE = YES_ERROR;
				CLANG_WARN_DOCUMENTATION_COMMENTS = YES;
				CLANG_WARN_EMPTY_BODY = YES;
				CLANG_WARN_ENUM_CONVERSION = YES;
				CLANG_WARN_INFINITE_RECURSION = YES;
				CLANG_WARN_INT_CONVERSION = YES;
				CLANG_WARN_NON_LITERAL_NULL_CONVERSION = YES;
				CLANG_WARN_OBJC_LITERAL_CONVERSION = YES;
				CLANG_WARN_OBJC_ROOT_CLASS = YES_ERROR;
				CLANG_WARN_RANGE_LOOP_ANALYSIS = YES;
				CLANG_WARN_STRICT_PROTOTYPES = YES;
				CLANG_WARN_SUSPICIOUS_MOVE = YES;
				CLANG_WARN_UNGUARDED_AVAILABILITY = YES_AGGRESSIVE;
				CLANG_WARN_UNREACHABLE_CODE = YES;
				CLANG_WARN__DUPLICATE_METHOD_MATCH = YES;
				CODE_SIGN_IDENTITY = "iPhone Developer";
				COPY_PHASE_STRIP = NO;
				DEBUG_INFORMATION_FORMAT = "dwarf-with-dsym";
				ENABLE_NS_ASSERTIONS = NO;
				ENABLE_STRICT_OBJC_MSGSEND = YES;
				GCC_C_LANGUAGE_STANDARD = gnu11;
				GCC_NO_COMMON_BLOCKS = YES;
				GCC_WARN_64_TO_32_BIT_CONVERSION = YES;
				GCC_WARN_ABOUT_RETURN_TYPE = YES_ERROR;
				GCC_WARN_UNDECLARED_SELECTOR = YES;
				GCC_WARN_UNINITIALIZED_AUTOS = YES_AGGRESSIVE;
				GCC_WARN_UNUSED_FUNCTION = YES;
				GCC_WARN_UNUSED_VARIABLE = YES;
				IPHONEOS_DEPLOYMENT_TARGET = 11.1;
				MTL_ENABLE_DEBUG_INFO = NO;
				SDKROOT = iphoneos;
				SWIFT_OPTIMIZATION_LEVEL = "-Owholemodule";
				VALIDATE_PRODUCT = YES;
			};
			name = Release;
		};
		CA94934C1FEBBFCC000071B7 /* Debug */ = {
			isa = XCBuildConfiguration;
			buildSettings = {
				ASSETCATALOG_COMPILER_APPICON_NAME = AppIcon;
				CODE_SIGN_STYLE = Automatic;
				INFOPLIST_FILE = Delegate/Info.plist;
				LD_RUNPATH_SEARCH_PATHS = "$(inherited) @executable_path/Frameworks";
				PRODUCT_BUNDLE_IDENTIFIER = v2apps.com.Delegate;
				PRODUCT_NAME = "$(TARGET_NAME)";
				SWIFT_VERSION = 4.0;
				TARGETED_DEVICE_FAMILY = "1,2";
			};
			name = Debug;
		};
		CA94934D1FEBBFCC000071B7 /* Release */ = {
			isa = XCBuildConfiguration;
			buildSettings = {
				ASSETCATALOG_COMPILER_APPICON_NAME = AppIcon;
				CODE_SIGN_STYLE = Automatic;
				INFOPLIST_FILE = Delegate/Info.plist;
				LD_RUNPATH_SEARCH_PATHS = "$(inherited) @executable_path/Frameworks";
				PRODUCT_BUNDLE_IDENTIFIER = v2apps.com.Delegate;
				PRODUCT_NAME = "$(TARGET_NAME)";
				SWIFT_VERSION = 4.0;
				TARGETED_DEVICE_FAMILY = "1,2";
			};
			name = Release;
		};
		CA94934F1FEBBFCC000071B7 /* Debug */ = {
			isa = XCBuildConfiguration;
			buildSettings = {
				ALWAYS_EMBED_SWIFT_STANDARD_LIBRARIES = YES;
				BUNDLE_LOADER = "$(TEST_HOST)";
				CODE_SIGN_STYLE = Automatic;
				INFOPLIST_FILE = DelegateTests/Info.plist;
				LD_RUNPATH_SEARCH_PATHS = "$(inherited) @executable_path/Frameworks @loader_path/Frameworks";
				PRODUCT_BUNDLE_IDENTIFIER = v2apps.com.DelegateTests;
				PRODUCT_NAME = "$(TARGET_NAME)";
				SWIFT_VERSION = 4.0;
				TARGETED_DEVICE_FAMILY = "1,2";
				TEST_HOST = "$(BUILT_PRODUCTS_DIR)/Delegate.app/Delegate";
			};
			name = Debug;
		};
		CA9493501FEBBFCC000071B7 /* Release */ = {
			isa = XCBuildConfiguration;
			buildSettings = {
				ALWAYS_EMBED_SWIFT_STANDARD_LIBRARIES = YES;
				BUNDLE_LOADER = "$(TEST_HOST)";
				CODE_SIGN_STYLE = Automatic;
				INFOPLIST_FILE = DelegateTests/Info.plist;
				LD_RUNPATH_SEARCH_PATHS = "$(inherited) @executable_path/Frameworks @loader_path/Frameworks";
				PRODUCT_BUNDLE_IDENTIFIER = v2apps.com.DelegateTests;
				PRODUCT_NAME = "$(TARGET_NAME)";
				SWIFT_VERSION = 4.0;
				TARGETED_DEVICE_FAMILY = "1,2";
				TEST_HOST = "$(BUILT_PRODUCTS_DIR)/Delegate.app/Delegate";
			};
			name = Release;
		};
		CA9493521FEBBFCC000071B7 /* Debug */ = {
			isa = XCBuildConfiguration;
			buildSettings = {
				ALWAYS_EMBED_SWIFT_STANDARD_LIBRARIES = YES;
				CODE_SIGN_STYLE = Automatic;
				INFOPLIST_FILE = DelegateUITests/Info.plist;
				LD_RUNPATH_SEARCH_PATHS = "$(inherited) @executable_path/Frameworks @loader_path/Frameworks";
				PRODUCT_BUNDLE_IDENTIFIER = v2apps.com.DelegateUITests;
				PRODUCT_NAME = "$(TARGET_NAME)";
				SWIFT_VERSION = 4.0;
				TARGETED_DEVICE_FAMILY = "1,2";
				TEST_TARGET_NAME = Delegate;
			};
			name = Debug;
		};
		CA9493531FEBBFCC000071B7 /* Release */ = {
			isa = XCBuildConfiguration;
			buildSettings = {
				ALWAYS_EMBED_SWIFT_STANDARD_LIBRARIES = YES;
				CODE_SIGN_STYLE = Automatic;
				INFOPLIST_FILE = DelegateUITests/Info.plist;
				LD_RUNPATH_SEARCH_PATHS = "$(inherited) @executable_path/Frameworks @loader_path/Frameworks";
				PRODUCT_BUNDLE_IDENTIFIER = v2apps.com.DelegateUITests;
				PRODUCT_NAME = "$(TARGET_NAME)";
				SWIFT_VERSION = 4.0;
				TARGETED_DEVICE_FAMILY = "1,2";
				TEST_TARGET_NAME = Delegate;
			};
			name = Release;
		};
/* End XCBuildConfiguration section */

/* Begin XCConfigurationList section */
		CA94931B1FEBBFCC000071B7 /* Build configuration list for PBXProject "Delegate" */ = {
			isa = XCConfigurationList;
			buildConfigurations = (
				CA9493491FEBBFCC000071B7 /* Debug */,
				CA94934A1FEBBFCC000071B7 /* Release */,
			);
			defaultConfigurationIsVisible = 0;
			defaultConfigurationName = Release;
		};
		CA94934B1FEBBFCC000071B7 /* Build configuration list for PBXNativeTarget "Delegate" */ = {
			isa = XCConfigurationList;
			buildConfigurations = (
				CA94934C1FEBBFCC000071B7 /* Debug */,
				CA94934D1FEBBFCC000071B7 /* Release */,
			);
			defaultConfigurationIsVisible = 0;
			defaultConfigurationName = Release;
		};
		CA94934E1FEBBFCC000071B7 /* Build configuration list for PBXNativeTarget "DelegateTests" */ = {
			isa = XCConfigurationList;
			buildConfigurations = (
				CA94934F1FEBBFCC000071B7 /* Debug */,
				CA9493501FEBBFCC000071B7 /* Release */,
			);
			defaultConfigurationIsVisible = 0;
			defaultConfigurationName = Release;
		};
		CA9493511FEBBFCC000071B7 /* Build configuration list for PBXNativeTarget "DelegateUITests" */ = {
			isa = XCConfigurationList;
			buildConfigurations = (
				CA9493521FEBBFCC000071B7 /* Debug */,
				CA9493531FEBBFCC000071B7 /* Release */,
			);
			defaultConfigurationIsVisible = 0;
			defaultConfigurationName = Release;
		};
/* End XCConfigurationList section */

/* Begin XCVersionGroup section */
		CA94932A1FEBBFCC000071B7 /* Delegate.xcdatamodeld */ = {
			isa = XCVersionGroup;
			children = (
				CA94932B1FEBBFCC000071B7 /* Delegate.xcdatamodel */,
			);
			currentVersion = CA94932B1FEBBFCC000071B7 /* Delegate.xcdatamodel */;
			path = Delegate.xcdatamodeld;
			sourceTree = "<group>";
			versionGroupType = wrapper.xcdatamodel;
		};
/* End XCVersionGroup section */
	};
	rootObject = CA9493181FEBBFCC000071B7 /* Project object */;
}
